
Microsoft Visual Studio Solution File, Format Version 12.00
# Visual Studio 15
VisualStudioVersion = 15.0.28307.645
MinimumVisualStudioVersion = 10.0.40219.1
Project("{FAE04EC0-301F-11D3-BF4B-00C04F79EFBC}") = "CodeFirst", "CodeFirst\CodeFirst.csproj", "{47C848D7-07DB-4DD1-B638-5CB5466CBF8D}"
EndProject
Global
	GlobalSection(SolutionConfigurationPlatforms) = preSolution
		Debug|Any CPU = Debug|Any CPU
		Release|Any CPU = Release|Any CPU
	EndGlobalSection
	GlobalSection(ProjectConfigurationPlatforms) = postSolution
		{47C848D7-07DB-4DD1-B638-5CB5466CBF8D}.Debug|Any CPU.ActiveCfg = Debug|Any CPU
		{47C848D7-07DB-4DD1-B638-5CB5466CBF8D}.Debug|Any CPU.Build.0 = Debug|Any CPU
		{47C848D7-07DB-4DD1-B638-5CB5466CBF8D}.Release|Any CPU.ActiveCfg = Release|Any CPU
		{47C848D7-07DB-4DD1-B638-5CB5466CBF8D}.Release|Any CPU.Build.0 = Release|Any CPU
	EndGlobalSection
	GlobalSection(SolutionProperties) = preSolution
		HideSolutionNode = FALSE
	EndGlobalSection
	GlobalSection(ExtensibilityGlobals) = postSolution
		SolutionGuid = {554A05F0-E81E-41D0-9B17-29504E2FEC2C}
	EndGlobalSection
EndGlobal
