
Microsoft Visual Studio Solution File, Format Version 12.00
# Visual Studio 15
VisualStudioVersion = 15.0.28307.489
MinimumVisualStudioVersion = 10.0.40219.1
Project("{FAE04EC0-301F-11D3-BF4B-00C04F79EFBC}") = "Inheritance", "Inheritance\Inheritance.csproj", "{D4A3EA79-F090-4ADC-B104-8288AAC25BE2}"
EndProject
Global
	GlobalSection(SolutionConfigurationPlatforms) = preSolution
		Debug|Any CPU = Debug|Any CPU
		Release|Any CPU = Release|Any CPU
	EndGlobalSection
	GlobalSection(ProjectConfigurationPlatforms) = postSolution
		{D4A3EA79-F090-4ADC-B104-8288AAC25BE2}.Debug|Any CPU.ActiveCfg = Debug|Any CPU
		{D4A3EA79-F090-4ADC-B104-8288AAC25BE2}.Debug|Any CPU.Build.0 = Debug|Any CPU
		{D4A3EA79-F090-4ADC-B104-8288AAC25BE2}.Release|Any CPU.ActiveCfg = Release|Any CPU
		{D4A3EA79-F090-4ADC-B104-8288AAC25BE2}.Release|Any CPU.Build.0 = Release|Any CPU
	EndGlobalSection
	GlobalSection(SolutionProperties) = preSolution
		HideSolutionNode = FALSE
	EndGlobalSection
	GlobalSection(ExtensibilityGlobals) = postSolution
		SolutionGuid = {3A091A02-76B1-48AB-94C0-6BE9E62B5C20}
	EndGlobalSection
EndGlobal
